
Microsoft Visual Studio Solution File, Format Version 12.00
# Visual Studio 14
VisualStudioVersion = 14.0.25420.1
MinimumVisualStudioVersion = 10.0.40219.1
Project("{2150E333-8FDC-42A3-9474-1A3956D46DE8}") = "Modelo", "Modelo", "{CB31CEC7-8911-4F84-B2E3-D1F3177D2B4F}"
EndProject
Project("{2150E333-8FDC-42A3-9474-1A3956D46DE8}") = "App", "App", "{5E4D014F-216C-4E81-A435-11046CCFD751}"
EndProject
Project("{2150E333-8FDC-42A3-9474-1A3956D46DE8}") = "Negocio", "Negocio", "{2A7FD11B-E606-4673-B233-83EE1A1CFD1E}"
EndProject
Project("{FAE04EC0-301F-11D3-BF4B-00C04F79EFBC}") = "Entidades", "Entidades\Entidades.csproj", "{69D97866-361E-4476-847A-E900B56E4108}"
EndProject
Project("{FAE04EC0-301F-11D3-BF4B-00C04F79EFBC}") = "SQL", "SQL\SQL.csproj", "{000D12BE-A332-4E8C-A8E7-25B91F4BD452}"
EndProject
Project("{FAE04EC0-301F-11D3-BF4B-00C04F79EFBC}") = "Interfaces", "Interfaces\Interfaces.csproj", "{B9181BF6-36EC-4900-9692-528D3472F11B}"
EndProject
Project("{FAE04EC0-301F-11D3-BF4B-00C04F79EFBC}") = "Gestoras", "Gestoras\Gestoras.csproj", "{14104E13-9BF5-43DB-AD5D-5BFFEF548B1F}"
EndProject
Project("{F184B08F-C81C-45F6-A57F-5ABD9991F28F}") = "Aplicacion", "Aplicacion\Aplicacion.vbproj", "{E34E0726-BF7C-4843-A5AE-F083B429A58F}"
EndProject
Project("{FAE04EC0-301F-11D3-BF4B-00C04F79EFBC}") = "Reportes", "Reportes\Reportes.csproj", "{79043A16-F9E3-4C7E-B41E-8CB177CE9F29}"
EndProject
Project("{FAE04EC0-301F-11D3-BF4B-00C04F79EFBC}") = "XMLManager", "XMLManager\XMLManager.csproj", "{85472A34-8567-48E2-B483-B87FB36BA86C}"
EndProject
Project("{FAE04EC0-301F-11D3-BF4B-00C04F79EFBC}") = "WebServices", "WebServices\WebServices.csproj", "{E2499470-45EF-4CB2-9BC1-558C41092D00}"
EndProject
Project("{FAE04EC0-301F-11D3-BF4B-00C04F79EFBC}") = "AguiTools", "Escritura\AguiTools.csproj", "{5D1E78FF-7041-450D-89B6-13B1B8AC90AD}"
EndProject
Project("{FAE04EC0-301F-11D3-BF4B-00C04F79EFBC}") = "FabricaMapper", "FabricaMapper\FabricaMapper.csproj", "{B77C14E5-3032-478B-A0AC-7D78B37DDC8C}"
EndProject
Project("{FAE04EC0-301F-11D3-BF4B-00C04F79EFBC}") = "Controles", "Controles\Controles.csproj", "{35349A14-0FA0-4B7C-9085-05285EDCADE2}"
EndProject
Project("{F184B08F-C81C-45F6-A57F-5ABD9991F28F}") = "Updater", "Updater\Updater.vbproj", "{657CE004-B96D-4FF2-B139-E6BB2D528F79}"
EndProject
Global
	GlobalSection(SolutionConfigurationPlatforms) = preSolution
		Debug|Any CPU = Debug|Any CPU
		Lab|Any CPU = Lab|Any CPU
		Release|Any CPU = Release|Any CPU
	EndGlobalSection
	GlobalSection(ProjectConfigurationPlatforms) = postSolution
		{69D97866-361E-4476-847A-E900B56E4108}.Debug|Any CPU.ActiveCfg = Debug|Any CPU
		{69D97866-361E-4476-847A-E900B56E4108}.Debug|Any CPU.Build.0 = Debug|Any CPU
		{69D97866-361E-4476-847A-E900B56E4108}.Lab|Any CPU.ActiveCfg = Lab|Any CPU
		{69D97866-361E-4476-847A-E900B56E4108}.Lab|Any CPU.Build.0 = Lab|Any CPU
		{69D97866-361E-4476-847A-E900B56E4108}.Release|Any CPU.ActiveCfg = Release|Any CPU
		{69D97866-361E-4476-847A-E900B56E4108}.Release|Any CPU.Build.0 = Release|Any CPU
		{000D12BE-A332-4E8C-A8E7-25B91F4BD452}.Debug|Any CPU.ActiveCfg = Debug|Any CPU
		{000D12BE-A332-4E8C-A8E7-25B91F4BD452}.Debug|Any CPU.Build.0 = Debug|Any CPU
		{000D12BE-A332-4E8C-A8E7-25B91F4BD452}.Lab|Any CPU.ActiveCfg = Lab|Any CPU
		{000D12BE-A332-4E8C-A8E7-25B91F4BD452}.Lab|Any CPU.Build.0 = Lab|Any CPU
		{000D12BE-A332-4E8C-A8E7-25B91F4BD452}.Release|Any CPU.ActiveCfg = Release|Any CPU
		{000D12BE-A332-4E8C-A8E7-25B91F4BD452}.Release|Any CPU.Build.0 = Release|Any CPU
		{B9181BF6-36EC-4900-9692-528D3472F11B}.Debug|Any CPU.ActiveCfg = Debug|Any CPU
		{B9181BF6-36EC-4900-9692-528D3472F11B}.Debug|Any CPU.Build.0 = Debug|Any CPU
		{B9181BF6-36EC-4900-9692-528D3472F11B}.Lab|Any CPU.ActiveCfg = Lab|Any CPU
		{B9181BF6-36EC-4900-9692-528D3472F11B}.Lab|Any CPU.Build.0 = Lab|Any CPU
		{B9181BF6-36EC-4900-9692-528D3472F11B}.Release|Any CPU.ActiveCfg = Release|Any CPU
		{B9181BF6-36EC-4900-9692-528D3472F11B}.Release|Any CPU.Build.0 = Release|Any CPU
		{14104E13-9BF5-43DB-AD5D-5BFFEF548B1F}.Debug|Any CPU.ActiveCfg = Debug|Any CPU
		{14104E13-9BF5-43DB-AD5D-5BFFEF548B1F}.Debug|Any CPU.Build.0 = Debug|Any CPU
		{14104E13-9BF5-43DB-AD5D-5BFFEF548B1F}.Lab|Any CPU.ActiveCfg = Lab|Any CPU
		{14104E13-9BF5-43DB-AD5D-5BFFEF548B1F}.Lab|Any CPU.Build.0 = Lab|Any CPU
		{14104E13-9BF5-43DB-AD5D-5BFFEF548B1F}.Release|Any CPU.ActiveCfg = Release|Any CPU
		{14104E13-9BF5-43DB-AD5D-5BFFEF548B1F}.Release|Any CPU.Build.0 = Release|Any CPU
		{E34E0726-BF7C-4843-A5AE-F083B429A58F}.Debug|Any CPU.ActiveCfg = Debug|Any CPU
		{E34E0726-BF7C-4843-A5AE-F083B429A58F}.Debug|Any CPU.Build.0 = Debug|Any CPU
		{E34E0726-BF7C-4843-A5AE-F083B429A58F}.Lab|Any CPU.ActiveCfg = Lab|Any CPU
		{E34E0726-BF7C-4843-A5AE-F083B429A58F}.Lab|Any CPU.Build.0 = Lab|Any CPU
		{E34E0726-BF7C-4843-A5AE-F083B429A58F}.Release|Any CPU.ActiveCfg = Release|Any CPU
		{E34E0726-BF7C-4843-A5AE-F083B429A58F}.Release|Any CPU.Build.0 = Release|Any CPU
		{79043A16-F9E3-4C7E-B41E-8CB177CE9F29}.Debug|Any CPU.ActiveCfg = Debug|Any CPU
		{79043A16-F9E3-4C7E-B41E-8CB177CE9F29}.Debug|Any CPU.Build.0 = Debug|Any CPU
		{79043A16-F9E3-4C7E-B41E-8CB177CE9F29}.Lab|Any CPU.ActiveCfg = Lab|Any CPU
		{79043A16-F9E3-4C7E-B41E-8CB177CE9F29}.Lab|Any CPU.Build.0 = Lab|Any CPU
		{79043A16-F9E3-4C7E-B41E-8CB177CE9F29}.Release|Any CPU.ActiveCfg = Release|Any CPU
		{79043A16-F9E3-4C7E-B41E-8CB177CE9F29}.Release|Any CPU.Build.0 = Release|Any CPU
		{85472A34-8567-48E2-B483-B87FB36BA86C}.Debug|Any CPU.ActiveCfg = Debug|Any CPU
		{85472A34-8567-48E2-B483-B87FB36BA86C}.Debug|Any CPU.Build.0 = Debug|Any CPU
		{85472A34-8567-48E2-B483-B87FB36BA86C}.Lab|Any CPU.ActiveCfg = Lab|Any CPU
		{85472A34-8567-48E2-B483-B87FB36BA86C}.Lab|Any CPU.Build.0 = Lab|Any CPU
		{85472A34-8567-48E2-B483-B87FB36BA86C}.Release|Any CPU.ActiveCfg = Release|Any CPU
		{85472A34-8567-48E2-B483-B87FB36BA86C}.Release|Any CPU.Build.0 = Release|Any CPU
		{E2499470-45EF-4CB2-9BC1-558C41092D00}.Debug|Any CPU.ActiveCfg = Debug|Any CPU
		{E2499470-45EF-4CB2-9BC1-558C41092D00}.Debug|Any CPU.Build.0 = Debug|Any CPU
		{E2499470-45EF-4CB2-9BC1-558C41092D00}.Lab|Any CPU.ActiveCfg = Lab|Any CPU
		{E2499470-45EF-4CB2-9BC1-558C41092D00}.Lab|Any CPU.Build.0 = Lab|Any CPU
		{E2499470-45EF-4CB2-9BC1-558C41092D00}.Release|Any CPU.ActiveCfg = Release|Any CPU
		{E2499470-45EF-4CB2-9BC1-558C41092D00}.Release|Any CPU.Build.0 = Release|Any CPU
		{5D1E78FF-7041-450D-89B6-13B1B8AC90AD}.Debug|Any CPU.ActiveCfg = Debug|Any CPU
		{5D1E78FF-7041-450D-89B6-13B1B8AC90AD}.Debug|Any CPU.Build.0 = Debug|Any CPU
		{5D1E78FF-7041-450D-89B6-13B1B8AC90AD}.Lab|Any CPU.ActiveCfg = Lab|Any CPU
		{5D1E78FF-7041-450D-89B6-13B1B8AC90AD}.Lab|Any CPU.Build.0 = Lab|Any CPU
		{5D1E78FF-7041-450D-89B6-13B1B8AC90AD}.Release|Any CPU.ActiveCfg = Release|Any CPU
		{5D1E78FF-7041-450D-89B6-13B1B8AC90AD}.Release|Any CPU.Build.0 = Release|Any CPU
		{B77C14E5-3032-478B-A0AC-7D78B37DDC8C}.Debug|Any CPU.ActiveCfg = Debug|Any CPU
		{B77C14E5-3032-478B-A0AC-7D78B37DDC8C}.Debug|Any CPU.Build.0 = Debug|Any CPU
		{B77C14E5-3032-478B-A0AC-7D78B37DDC8C}.Lab|Any CPU.ActiveCfg = Lab|Any CPU
		{B77C14E5-3032-478B-A0AC-7D78B37DDC8C}.Lab|Any CPU.Build.0 = Lab|Any CPU
		{B77C14E5-3032-478B-A0AC-7D78B37DDC8C}.Release|Any CPU.ActiveCfg = Release|Any CPU
		{B77C14E5-3032-478B-A0AC-7D78B37DDC8C}.Release|Any CPU.Build.0 = Release|Any CPU
		{35349A14-0FA0-4B7C-9085-05285EDCADE2}.Debug|Any CPU.ActiveCfg = Debug|Any CPU
		{35349A14-0FA0-4B7C-9085-05285EDCADE2}.Debug|Any CPU.Build.0 = Debug|Any CPU
		{35349A14-0FA0-4B7C-9085-05285EDCADE2}.Lab|Any CPU.ActiveCfg = Lab|Any CPU
		{35349A14-0FA0-4B7C-9085-05285EDCADE2}.Lab|Any CPU.Build.0 = Lab|Any CPU
		{35349A14-0FA0-4B7C-9085-05285EDCADE2}.Release|Any CPU.ActiveCfg = Release|Any CPU
		{35349A14-0FA0-4B7C-9085-05285EDCADE2}.Release|Any CPU.Build.0 = Release|Any CPU
		{657CE004-B96D-4FF2-B139-E6BB2D528F79}.Debug|Any CPU.ActiveCfg = Debug|Any CPU
		{657CE004-B96D-4FF2-B139-E6BB2D528F79}.Debug|Any CPU.Build.0 = Debug|Any CPU
		{657CE004-B96D-4FF2-B139-E6BB2D528F79}.Lab|Any CPU.ActiveCfg = Lab|Any CPU
		{657CE004-B96D-4FF2-B139-E6BB2D528F79}.Lab|Any CPU.Build.0 = Lab|Any CPU
		{657CE004-B96D-4FF2-B139-E6BB2D528F79}.Release|Any CPU.ActiveCfg = Release|Any CPU
		{657CE004-B96D-4FF2-B139-E6BB2D528F79}.Release|Any CPU.Build.0 = Release|Any CPU
	EndGlobalSection
	GlobalSection(SolutionProperties) = preSolution
		HideSolutionNode = FALSE
	EndGlobalSection
	GlobalSection(NestedProjects) = preSolution
		{69D97866-361E-4476-847A-E900B56E4108} = {CB31CEC7-8911-4F84-B2E3-D1F3177D2B4F}
		{000D12BE-A332-4E8C-A8E7-25B91F4BD452} = {CB31CEC7-8911-4F84-B2E3-D1F3177D2B4F}
		{B9181BF6-36EC-4900-9692-528D3472F11B} = {CB31CEC7-8911-4F84-B2E3-D1F3177D2B4F}
		{14104E13-9BF5-43DB-AD5D-5BFFEF548B1F} = {2A7FD11B-E606-4673-B233-83EE1A1CFD1E}
		{E34E0726-BF7C-4843-A5AE-F083B429A58F} = {5E4D014F-216C-4E81-A435-11046CCFD751}
		{79043A16-F9E3-4C7E-B41E-8CB177CE9F29} = {CB31CEC7-8911-4F84-B2E3-D1F3177D2B4F}
		{85472A34-8567-48E2-B483-B87FB36BA86C} = {CB31CEC7-8911-4F84-B2E3-D1F3177D2B4F}
		{E2499470-45EF-4CB2-9BC1-558C41092D00} = {CB31CEC7-8911-4F84-B2E3-D1F3177D2B4F}
		{5D1E78FF-7041-450D-89B6-13B1B8AC90AD} = {CB31CEC7-8911-4F84-B2E3-D1F3177D2B4F}
		{B77C14E5-3032-478B-A0AC-7D78B37DDC8C} = {2A7FD11B-E606-4673-B233-83EE1A1CFD1E}
		{35349A14-0FA0-4B7C-9085-05285EDCADE2} = {CB31CEC7-8911-4F84-B2E3-D1F3177D2B4F}
	EndGlobalSection
EndGlobal
